
Microsoft Visual Studio Solution File, Format Version 12.00
# Visual Studio Version 16
VisualStudioVersion = 16.0.29709.97
MinimumVisualStudioVersion = 10.0.40219.1
Project("{FAE04EC0-301F-11D3-BF4B-00C04F79EFBC}") = "GrupoBoticario.Product.Data", "GrupoBoticario.Product.Data\GrupoBoticario.Product.Data.csproj", "{A9271594-D70C-48CE-998A-73D5585E0759}"
EndProject
Project("{FAE04EC0-301F-11D3-BF4B-00C04F79EFBC}") = "GrupoBoticario.Product.Business", "GrupoBoticario.Product.Business\GrupoBoticario.Product.Business.csproj", "{1441EA59-C230-4BD2-816B-878A26368846}"
EndProject
Project("{FAE04EC0-301F-11D3-BF4B-00C04F79EFBC}") = "GrupoBoticario.Product.API", "GrupoBoticario.Product.API\GrupoBoticario.Product.API.csproj", "{5ABF1D8D-09DF-4FA1-9CCA-B324F49F5B1F}"
EndProject
Global
	GlobalSection(SolutionConfigurationPlatforms) = preSolution
		Debug|Any CPU = Debug|Any CPU
		Release|Any CPU = Release|Any CPU
	EndGlobalSection
	GlobalSection(ProjectConfigurationPlatforms) = postSolution
		{A9271594-D70C-48CE-998A-73D5585E0759}.Debug|Any CPU.ActiveCfg = Debug|Any CPU
		{A9271594-D70C-48CE-998A-73D5585E0759}.Debug|Any CPU.Build.0 = Debug|Any CPU
		{A9271594-D70C-48CE-998A-73D5585E0759}.Release|Any CPU.ActiveCfg = Release|Any CPU
		{A9271594-D70C-48CE-998A-73D5585E0759}.Release|Any CPU.Build.0 = Release|Any CPU
		{1441EA59-C230-4BD2-816B-878A26368846}.Debug|Any CPU.ActiveCfg = Debug|Any CPU
		{1441EA59-C230-4BD2-816B-878A26368846}.Debug|Any CPU.Build.0 = Debug|Any CPU
		{1441EA59-C230-4BD2-816B-878A26368846}.Release|Any CPU.ActiveCfg = Release|Any CPU
		{1441EA59-C230-4BD2-816B-878A26368846}.Release|Any CPU.Build.0 = Release|Any CPU
		{5ABF1D8D-09DF-4FA1-9CCA-B324F49F5B1F}.Debug|Any CPU.ActiveCfg = Debug|Any CPU
		{5ABF1D8D-09DF-4FA1-9CCA-B324F49F5B1F}.Debug|Any CPU.Build.0 = Debug|Any CPU
		{5ABF1D8D-09DF-4FA1-9CCA-B324F49F5B1F}.Release|Any CPU.ActiveCfg = Release|Any CPU
		{5ABF1D8D-09DF-4FA1-9CCA-B324F49F5B1F}.Release|Any CPU.Build.0 = Release|Any CPU
	EndGlobalSection
	GlobalSection(SolutionProperties) = preSolution
		HideSolutionNode = FALSE
	EndGlobalSection
	GlobalSection(ExtensibilityGlobals) = postSolution
		SolutionGuid = {1BDDC184-B2CE-42E6-8DB3-E5FB324E19FE}
	EndGlobalSection
EndGlobal
